
Microsoft Visual Studio Solution File, Format Version 12.00
# Visual Studio Version 17
VisualStudioVersion = 17.0.31912.275
MinimumVisualStudioVersion = 10.0.40219.1
Project("{9A19103F-16F7-4668-BE54-9A1E7A4F7556}") = "Chef.Api", "NetCore\APIs\ChefApi\Chef.Api.csproj", "{83FB5E6D-245D-48E7-B9D3-349EF49DCD52}"
EndProject
Project("{2150E333-8FDC-42A3-9474-1A3956D46DE8}") = "NetCore", "NetCore", "{0D8C6F28-8B13-4BB5-B736-8A6378F3C4D5}"
EndProject
Project("{2150E333-8FDC-42A3-9474-1A3956D46DE8}") = "APIs", "APIs", "{BBE55780-677A-4AF6-97A6-2429F7303D81}"
EndProject
Project("{2150E333-8FDC-42A3-9474-1A3956D46DE8}") = "ChefApi", "ChefApi", "{89E12550-EBB3-4823-9DBA-FB832389AE4B}"
EndProject
Project("{2150E333-8FDC-42A3-9474-1A3956D46DE8}") = "Solution", "Solution", "{372D5DE0-3A7F-4C84-A17C-AEDABEBAEEFE}"
EndProject
Project("{2150E333-8FDC-42A3-9474-1A3956D46DE8}") = "Tests", "Tests", "{8C7451DD-DA74-4CC3-B1A5-5017AE2883CB}"
EndProject
Project("{9A19103F-16F7-4668-BE54-9A1E7A4F7556}") = "Chef.Core", "NetCore\APIs\ChefCore\Chef.Core.csproj", "{9918615C-CC75-4FFB-BB20-C53FEB738211}"
EndProject
Project("{9A19103F-16F7-4668-BE54-9A1E7A4F7556}") = "Chef.Infrastructure", "NetCore\APIs\ChefInfrastructure\Chef.Infrastructure.csproj", "{2A1FC5EF-73B7-421D-9E67-69F48FB67441}"
EndProject
Project("{9A19103F-16F7-4668-BE54-9A1E7A4F7556}") = "Chef.Shared", "NetCore\APIs\ChefShared\Chef.Shared.csproj", "{5E078BAB-5E72-4041-8DA6-854314A968D7}"
EndProject
Project("{9A19103F-16F7-4668-BE54-9A1E7A4F7556}") = "Chef.Shared.Test", "NetCore\Tests\Chef.Shared.Test\Chef.Shared.Test.csproj", "{5DFD6758-5F21-486A-9B1F-B7634B09987D}"
EndProject
Project("{2150E333-8FDC-42A3-9474-1A3956D46DE8}") = "Solution Items", "Solution Items", "{84249295-E6E3-4813-8D95-A068C1BE5789}"
	ProjectSection(SolutionItems) = preProject
		.editorconfig = .editorconfig
	EndProjectSection
EndProject
Project("{FAE04EC0-301F-11D3-BF4B-00C04F79EFBC}") = "Chef.Core.Test", "NetCore\Tests\Chef.Core.Test\Chef.Core.Test.csproj", "{A1CC1709-E9E0-43A5-80D6-EED6FFED04F0}"
EndProject
Global
	GlobalSection(SolutionConfigurationPlatforms) = preSolution
		Debug|Any CPU = Debug|Any CPU
		Release|Any CPU = Release|Any CPU
	EndGlobalSection
	GlobalSection(ProjectConfigurationPlatforms) = postSolution
		{83FB5E6D-245D-48E7-B9D3-349EF49DCD52}.Debug|Any CPU.ActiveCfg = Debug|Any CPU
		{83FB5E6D-245D-48E7-B9D3-349EF49DCD52}.Debug|Any CPU.Build.0 = Debug|Any CPU
		{83FB5E6D-245D-48E7-B9D3-349EF49DCD52}.Release|Any CPU.ActiveCfg = Release|Any CPU
		{83FB5E6D-245D-48E7-B9D3-349EF49DCD52}.Release|Any CPU.Build.0 = Release|Any CPU
		{9918615C-CC75-4FFB-BB20-C53FEB738211}.Debug|Any CPU.ActiveCfg = Debug|Any CPU
		{9918615C-CC75-4FFB-BB20-C53FEB738211}.Debug|Any CPU.Build.0 = Debug|Any CPU
		{9918615C-CC75-4FFB-BB20-C53FEB738211}.Release|Any CPU.ActiveCfg = Release|Any CPU
		{9918615C-CC75-4FFB-BB20-C53FEB738211}.Release|Any CPU.Build.0 = Release|Any CPU
		{2A1FC5EF-73B7-421D-9E67-69F48FB67441}.Debug|Any CPU.ActiveCfg = Debug|Any CPU
		{2A1FC5EF-73B7-421D-9E67-69F48FB67441}.Debug|Any CPU.Build.0 = Debug|Any CPU
		{2A1FC5EF-73B7-421D-9E67-69F48FB67441}.Release|Any CPU.ActiveCfg = Release|Any CPU
		{2A1FC5EF-73B7-421D-9E67-69F48FB67441}.Release|Any CPU.Build.0 = Release|Any CPU
		{5E078BAB-5E72-4041-8DA6-854314A968D7}.Debug|Any CPU.ActiveCfg = Debug|Any CPU
		{5E078BAB-5E72-4041-8DA6-854314A968D7}.Debug|Any CPU.Build.0 = Debug|Any CPU
		{5E078BAB-5E72-4041-8DA6-854314A968D7}.Release|Any CPU.ActiveCfg = Release|Any CPU
		{5E078BAB-5E72-4041-8DA6-854314A968D7}.Release|Any CPU.Build.0 = Release|Any CPU
		{5DFD6758-5F21-486A-9B1F-B7634B09987D}.Debug|Any CPU.ActiveCfg = Debug|Any CPU
		{5DFD6758-5F21-486A-9B1F-B7634B09987D}.Debug|Any CPU.Build.0 = Debug|Any CPU
		{5DFD6758-5F21-486A-9B1F-B7634B09987D}.Release|Any CPU.ActiveCfg = Release|Any CPU
		{5DFD6758-5F21-486A-9B1F-B7634B09987D}.Release|Any CPU.Build.0 = Release|Any CPU
		{A1CC1709-E9E0-43A5-80D6-EED6FFED04F0}.Debug|Any CPU.ActiveCfg = Debug|Any CPU
		{A1CC1709-E9E0-43A5-80D6-EED6FFED04F0}.Debug|Any CPU.Build.0 = Debug|Any CPU
		{A1CC1709-E9E0-43A5-80D6-EED6FFED04F0}.Release|Any CPU.ActiveCfg = Release|Any CPU
		{A1CC1709-E9E0-43A5-80D6-EED6FFED04F0}.Release|Any CPU.Build.0 = Release|Any CPU
	EndGlobalSection
	GlobalSection(SolutionProperties) = preSolution
		HideSolutionNode = FALSE
	EndGlobalSection
	GlobalSection(NestedProjects) = preSolution
		{83FB5E6D-245D-48E7-B9D3-349EF49DCD52} = {372D5DE0-3A7F-4C84-A17C-AEDABEBAEEFE}
		{BBE55780-677A-4AF6-97A6-2429F7303D81} = {0D8C6F28-8B13-4BB5-B736-8A6378F3C4D5}
		{89E12550-EBB3-4823-9DBA-FB832389AE4B} = {BBE55780-677A-4AF6-97A6-2429F7303D81}
		{372D5DE0-3A7F-4C84-A17C-AEDABEBAEEFE} = {89E12550-EBB3-4823-9DBA-FB832389AE4B}
		{8C7451DD-DA74-4CC3-B1A5-5017AE2883CB} = {89E12550-EBB3-4823-9DBA-FB832389AE4B}
		{9918615C-CC75-4FFB-BB20-C53FEB738211} = {372D5DE0-3A7F-4C84-A17C-AEDABEBAEEFE}
		{2A1FC5EF-73B7-421D-9E67-69F48FB67441} = {372D5DE0-3A7F-4C84-A17C-AEDABEBAEEFE}
		{5E078BAB-5E72-4041-8DA6-854314A968D7} = {372D5DE0-3A7F-4C84-A17C-AEDABEBAEEFE}
		{5DFD6758-5F21-486A-9B1F-B7634B09987D} = {8C7451DD-DA74-4CC3-B1A5-5017AE2883CB}
		{A1CC1709-E9E0-43A5-80D6-EED6FFED04F0} = {8C7451DD-DA74-4CC3-B1A5-5017AE2883CB}
	EndGlobalSection
	GlobalSection(ExtensibilityGlobals) = postSolution
		SolutionGuid = {87308979-817A-4F31-9FAC-F10C67E89EE1}
	EndGlobalSection
EndGlobal
