
Microsoft Visual Studio Solution File, Format Version 12.00
# Visual Studio Version 17
VisualStudioVersion = 17.0.31919.166
MinimumVisualStudioVersion = 10.0.40219.1
Project("{9A19103F-16F7-4668-BE54-9A1E7A4F7556}") = "Chef.Shared.Test", "Chef.Shared.Test.csproj", "{ACFDD44F-20C2-45B2-BEE3-CF870C5BFB95}"
EndProject
Project("{2150E333-8FDC-42A3-9474-1A3956D46DE8}") = "Solution Items", "Solution Items", "{37745CC1-D34E-4C2E-A259-564735B7924A}"
	ProjectSection(SolutionItems) = preProject
		.editorconfig = .editorconfig
	EndProjectSection
EndProject
Global
	GlobalSection(SolutionConfigurationPlatforms) = preSolution
		Debug|Any CPU = Debug|Any CPU
		Release|Any CPU = Release|Any CPU
	EndGlobalSection
	GlobalSection(ProjectConfigurationPlatforms) = postSolution
		{ACFDD44F-20C2-45B2-BEE3-CF870C5BFB95}.Debug|Any CPU.ActiveCfg = Debug|Any CPU
		{ACFDD44F-20C2-45B2-BEE3-CF870C5BFB95}.Debug|Any CPU.Build.0 = Debug|Any CPU
		{ACFDD44F-20C2-45B2-BEE3-CF870C5BFB95}.Release|Any CPU.ActiveCfg = Release|Any CPU
		{ACFDD44F-20C2-45B2-BEE3-CF870C5BFB95}.Release|Any CPU.Build.0 = Release|Any CPU
	EndGlobalSection
	GlobalSection(SolutionProperties) = preSolution
		HideSolutionNode = FALSE
	EndGlobalSection
	GlobalSection(ExtensibilityGlobals) = postSolution
		SolutionGuid = {7B31C965-2EB0-458F-8095-A506B9B1B57D}
	EndGlobalSection
EndGlobal
